
Microsoft Visual Studio Solution File, Format Version 12.00
# Visual Studio Express 15 for Windows Desktop
VisualStudioVersion = 15.0.28307.1401
MinimumVisualStudioVersion = 10.0.40219.1
Project("{8BC9CEB8-8B4A-11D0-8D11-00A0C91BC942}") = "내적", "내적\내적.vcxproj", "{92614140-7448-4B83-BFD5-335E82D37660}"
EndProject
Global
	GlobalSection(SolutionConfigurationPlatforms) = preSolution
		Debug|x64 = Debug|x64
		Debug|x86 = Debug|x86
		Release|x64 = Release|x64
		Release|x86 = Release|x86
	EndGlobalSection
	GlobalSection(ProjectConfigurationPlatforms) = postSolution
		{92614140-7448-4B83-BFD5-335E82D37660}.Debug|x64.ActiveCfg = Debug|x64
		{92614140-7448-4B83-BFD5-335E82D37660}.Debug|x64.Build.0 = Debug|x64
		{92614140-7448-4B83-BFD5-335E82D37660}.Debug|x86.ActiveCfg = Debug|Win32
		{92614140-7448-4B83-BFD5-335E82D37660}.Debug|x86.Build.0 = Debug|Win32
		{92614140-7448-4B83-BFD5-335E82D37660}.Release|x64.ActiveCfg = Release|x64
		{92614140-7448-4B83-BFD5-335E82D37660}.Release|x64.Build.0 = Release|x64
		{92614140-7448-4B83-BFD5-335E82D37660}.Release|x86.ActiveCfg = Release|Win32
		{92614140-7448-4B83-BFD5-335E82D37660}.Release|x86.Build.0 = Release|Win32
	EndGlobalSection
	GlobalSection(SolutionProperties) = preSolution
		HideSolutionNode = FALSE
	EndGlobalSection
	GlobalSection(ExtensibilityGlobals) = postSolution
		SolutionGuid = {A391D812-0835-49BE-B13A-748DEA733471}
	EndGlobalSection
EndGlobal
